
Microsoft Visual Studio Solution File, Format Version 12.00
# Visual Studio 2012
Project("{FAE04EC0-301F-11D3-BF4B-00C04F79EFBC}") = "Sioux.TechRadar", "src\server\Sioux.TechRadar.csproj", "{B543418A-E4E2-4CE0-9C3B-A372B6C9096E}"
EndProject
Project("{FAE04EC0-301F-11D3-BF4B-00C04F79EFBC}") = "TechRadar", "src\web\TechRadar.csproj", "{3545EAAE-A8E2-4595-B763-1B2B1B88A0D5}"
EndProject
Project("{FAE04EC0-301F-11D3-BF4B-00C04F79EFBC}") = "Server.Test", "test\Server.Test\Server.Test.csproj", "{E7525E53-492B-4135-8741-12C134233238}"
EndProject
Global
	GlobalSection(SolutionConfigurationPlatforms) = preSolution
		Debug|Any CPU = Debug|Any CPU
		Release|Any CPU = Release|Any CPU
		Default|Any CPU = Default|Any CPU
	EndGlobalSection
	GlobalSection(ProjectConfigurationPlatforms) = postSolution
		{3545EAAE-A8E2-4595-B763-1B2B1B88A0D5}.Debug|Any CPU.ActiveCfg = Debug|Any CPU
		{3545EAAE-A8E2-4595-B763-1B2B1B88A0D5}.Debug|Any CPU.Build.0 = Debug|Any CPU
		{3545EAAE-A8E2-4595-B763-1B2B1B88A0D5}.Release|Any CPU.ActiveCfg = Debug|Any CPU
		{3545EAAE-A8E2-4595-B763-1B2B1B88A0D5}.Release|Any CPU.Build.0 = Debug|Any CPU
		{B543418A-E4E2-4CE0-9C3B-A372B6C9096E}.Debug|Any CPU.ActiveCfg = Debug|Any CPU
		{B543418A-E4E2-4CE0-9C3B-A372B6C9096E}.Debug|Any CPU.Build.0 = Debug|Any CPU
		{B543418A-E4E2-4CE0-9C3B-A372B6C9096E}.Release|Any CPU.ActiveCfg = Release|Any CPU
		{B543418A-E4E2-4CE0-9C3B-A372B6C9096E}.Release|Any CPU.Build.0 = Release|Any CPU
		{E7525E53-492B-4135-8741-12C134233238}.Debug|Any CPU.ActiveCfg = Debug|Any CPU
		{E7525E53-492B-4135-8741-12C134233238}.Debug|Any CPU.Build.0 = Debug|Any CPU
		{E7525E53-492B-4135-8741-12C134233238}.Default|Any CPU.ActiveCfg = Debug|Any CPU
		{E7525E53-492B-4135-8741-12C134233238}.Default|Any CPU.Build.0 = Debug|Any CPU
		{E7525E53-492B-4135-8741-12C134233238}.Release|Any CPU.ActiveCfg = Release|Any CPU
		{E7525E53-492B-4135-8741-12C134233238}.Release|Any CPU.Build.0 = Release|Any CPU
	EndGlobalSection
	GlobalSection(MonoDevelopProperties) = preSolution
		StartupItem = src\server\Sioux.TechRadar.csproj
	EndGlobalSection
	GlobalSection(SolutionProperties) = preSolution
		HideSolutionNode = FALSE
	EndGlobalSection
EndGlobal
